// !$*UTF8*$!
{
	archiveVersion = 1;
	classes = {
	};
	objectVersion = 46;
	objects = {

/* Begin PBXBuildFile section */
		49E7C36C1BE09134006AA5CE /* main.m in Sources */ = {isa = PBXBuildFile; fileRef = 49E7C36B1BE09134006AA5CE /* main.m */; };
		49E7C36F1BE09134006AA5CE /* AppDelegate.m in Sources */ = {isa = PBXBuildFile; fileRef = 49E7C36E1BE09134006AA5CE /* AppDelegate.m */; };
		49E7C3721BE09134006AA5CE /* ViewController.m in Sources */ = {isa = PBXBuildFile; fileRef = 49E7C3711BE09134006AA5CE /* ViewController.m */; };
		49E7C3751BE09134006AA5CE /* Main.storyboard in Resources */ = {isa = PBXBuildFile; fileRef = 49E7C3731BE09134006AA5CE /* Main.storyboard */; };
		49E7C3771BE09134006AA5CE /* Assets.xcassets in Resources */ = {isa = PBXBuildFile; fileRef = 49E7C3761BE09134006AA5CE /* Assets.xcassets */; };
		49E7C37A1BE09134006AA5CE /* LaunchScreen.storyboard in Resources */ = {isa = PBXBuildFile; fileRef = 49E7C3781BE09134006AA5CE /* LaunchScreen.storyboard */; };
		49E7C3851BE09134006AA5CE /* twentyAdminTests.m in Sources */ = {isa = PBXBuildFile; fileRef = 49E7C3841BE09134006AA5CE /* twentyAdminTests.m */; };
		49E7C3901BE09135006AA5CE /* twentyAdminUITests.m in Sources */ = {isa = PBXBuildFile; fileRef = 49E7C38F1BE09135006AA5CE /* twentyAdminUITests.m */; };
/* End PBXBuildFile section */

/* Begin PBXContainerItemProxy section */
		49E7C3811BE09134006AA5CE /* PBXContainerItemProxy */ = {
			isa = PBXContainerItemProxy;
			containerPortal = 49E7C35F1BE09134006AA5CE /* Project object */;
			proxyType = 1;
			remoteGlobalIDString = 49E7C3661BE09134006AA5CE;
			remoteInfo = twentyAdmin;
		};
		49E7C38C1BE09135006AA5CE /* PBXContainerItemProxy */ = {
			isa = PBXContainerItemProxy;
			containerPortal = 49E7C35F1BE09134006AA5CE /* Project object */;
			proxyType = 1;
			remoteGlobalIDString = 49E7C3661BE09134006AA5CE;
			remoteInfo = twentyAdmin;
		};
/* End PBXContainerItemProxy section */

/* Begin PBXFileReference section */
		49E7C3671BE09134006AA5CE /* twentyAdmin.app */ = {isa = PBXFileReference; explicitFileType = wrapper.application; includeInIndex = 0; path = twentyAdmin.app; sourceTree = BUILT_PRODUCTS_DIR; };
		49E7C36B1BE09134006AA5CE /* main.m */ = {isa = PBXFileReference; lastKnownFileType = sourcecode.c.objc; path = main.m; sourceTree = "<group>"; };
		49E7C36D1BE09134006AA5CE /* AppDelegate.h */ = {isa = PBXFileReference; lastKnownFileType = sourcecode.c.h; path = AppDelegate.h; sourceTree = "<group>"; };
		49E7C36E1BE09134006AA5CE /* AppDelegate.m */ = {isa = PBXFileReference; lastKnownFileType = sourcecode.c.objc; path = AppDelegate.m; sourceTree = "<group>"; };
		49E7C3701BE09134006AA5CE /* ViewController.h */ = {isa = PBXFileReference; lastKnownFileType = sourcecode.c.h; path = ViewController.h; sourceTree = "<group>"; };
		49E7C3711BE09134006AA5CE /* ViewController.m */ = {isa = PBXFileReference; lastKnownFileType = sourcecode.c.objc; path = ViewController.m; sourceTree = "<group>"; };
		49E7C3741BE09134006AA5CE /* Base */ = {isa = PBXFileReference; lastKnownFileType = file.storyboard; name = Base; path = Base.lproj/Main.storyboard; sourceTree = "<group>"; };
		49E7C3761BE09134006AA5CE /* Assets.xcassets */ = {isa = PBXFileReference; lastKnownFileType = folder.assetcatalog; path = Assets.xcassets; sourceTree = "<group>"; };
		49E7C3791BE09134006AA5CE /* Base */ = {isa = PBXFileReference; lastKnownFileType = file.storyboard; name = Base; path = Base.lproj/LaunchScreen.storyboard; sourceTree = "<group>"; };
		49E7C37B1BE09134006AA5CE /* Info.plist */ = {isa = PBXFileReference; lastKnownFileType = text.plist.xml; path = Info.plist; sourceTree = "<group>"; };
		49E7C3801BE09134006AA5CE /* twentyAdminTests.xctest */ = {isa = PBXFileReference; explicitFileType = wrapper.cfbundle; includeInIndex = 0; path = twentyAdminTests.xctest; sourceTree = BUILT_PRODUCTS_DIR; };
		49E7C3841BE09134006AA5CE /* twentyAdminTests.m */ = {isa = PBXFileReference; lastKnownFileType = sourcecode.c.objc; path = twentyAdminTests.m; sourceTree = "<group>"; };
		49E7C3861BE09134006AA5CE /* Info.plist */ = {isa = PBXFileReference; lastKnownFileType = text.plist.xml; path = Info.plist; sourceTree = "<group>"; };
		49E7C38B1BE09135006AA5CE /* twentyAdminUITests.xctest */ = {isa = PBXFileReference; explicitFileType = wrapper.cfbundle; includeInIndex = 0; path = twentyAdminUITests.xctest; sourceTree = BUILT_PRODUCTS_DIR; };
		49E7C38F1BE09135006AA5CE /* twentyAdminUITests.m */ = {isa = PBXFileReference; lastKnownFileType = sourcecode.c.objc; path = twentyAdminUITests.m; sourceTree = "<group>"; };
		49E7C3911BE09135006AA5CE /* Info.plist */ = {isa = PBXFileReference; lastKnownFileType = text.plist.xml; path = Info.plist; sourceTree = "<group>"; };
/* End PBXFileReference section */

/* Begin PBXFrameworksBuildPhase section */
		49E7C3641BE09134006AA5CE /* Frameworks */ = {
			isa = PBXFrameworksBuildPhase;
			buildActionMask = 2147483647;
			files = (
			);
			runOnlyForDeploymentPostprocessing = 0;
		};
		49E7C37D1BE09134006AA5CE /* Frameworks */ = {
			isa = PBXFrameworksBuildPhase;
			buildActionMask = 2147483647;
			files = (
			);
			runOnlyForDeploymentPostprocessing = 0;
		};
		49E7C3881BE09135006AA5CE /* Frameworks */ = {
			isa = PBXFrameworksBuildPhase;
			buildActionMask = 2147483647;
			files = (
			);
			runOnlyForDeploymentPostprocessing = 0;
		};
/* End PBXFrameworksBuildPhase section */

/* Begin PBXGroup section */
		49E7C35E1BE09134006AA5CE = {
			isa = PBXGroup;
			children = (
				49E7C3691BE09134006AA5CE /* twentyAdmin */,
				49E7C3831BE09134006AA5CE /* twentyAdminTests */,
				49E7C38E1BE09135006AA5CE /* twentyAdminUITests */,
				49E7C3681BE09134006AA5CE /* Products */,
			);
			sourceTree = "<group>";
		};
		49E7C3681BE09134006AA5CE /* Products */ = {
			isa = PBXGroup;
			children = (
				49E7C3671BE09134006AA5CE /* twentyAdmin.app */,
				49E7C3801BE09134006AA5CE /* twentyAdminTests.xctest */,
				49E7C38B1BE09135006AA5CE /* twentyAdminUITests.xctest */,
			);
			name = Products;
			sourceTree = "<group>";
		};
		49E7C3691BE09134006AA5CE /* twentyAdmin */ = {
			isa = PBXGroup;
			children = (
				49E7C36D1BE09134006AA5CE /* AppDelegate.h */,
				49E7C36E1BE09134006AA5CE /* AppDelegate.m */,
				49E7C3701BE09134006AA5CE /* ViewController.h */,
				49E7C3711BE09134006AA5CE /* ViewController.m */,
				49E7C3731BE09134006AA5CE /* Main.storyboard */,
				49E7C3761BE09134006AA5CE /* Assets.xcassets */,
				49E7C3781BE09134006AA5CE /* LaunchScreen.storyboard */,
				49E7C37B1BE09134006AA5CE /* Info.plist */,
				49E7C36A1BE09134006AA5CE /* Supporting Files */,
			);
			path = twentyAdmin;
			sourceTree = "<group>";
		};
		49E7C36A1BE09134006AA5CE /* Supporting Files */ = {
			isa = PBXGroup;
			children = (
				49E7C36B1BE09134006AA5CE /* main.m */,
			);
			name = "Supporting Files";
			sourceTree = "<group>";
		};
		49E7C3831BE09134006AA5CE /* twentyAdminTests */ = {
			isa = PBXGroup;
			children = (
				49E7C3841BE09134006AA5CE /* twentyAdminTests.m */,
				49E7C3861BE09134006AA5CE /* Info.plist */,
			);
			path = twentyAdminTests;
			sourceTree = "<group>";
		};
		49E7C38E1BE09135006AA5CE /* twentyAdminUITests */ = {
			isa = PBXGroup;
			children = (
				49E7C38F1BE09135006AA5CE /* twentyAdminUITests.m */,
				49E7C3911BE09135006AA5CE /* Info.plist */,
			);
			path = twentyAdminUITests;
			sourceTree = "<group>";
		};
/* End PBXGroup section */

/* Begin PBXNativeTarget section */
		49E7C3661BE09134006AA5CE /* twentyAdmin */ = {
			isa = PBXNativeTarget;
			buildConfigurationList = 49E7C3941BE09135006AA5CE /* Build configuration list for PBXNativeTarget "twentyAdmin" */;
			buildPhases = (
				49E7C3631BE09134006AA5CE /* Sources */,
				49E7C3641BE09134006AA5CE /* Frameworks */,
				49E7C3651BE09134006AA5CE /* Resources */,
			);
			buildRules = (
			);
			dependencies = (
			);
			name = twentyAdmin;
			productName = twentyAdmin;
			productReference = 49E7C3671BE09134006AA5CE /* twentyAdmin.app */;
			productType = "com.apple.product-type.application";
		};
		49E7C37F1BE09134006AA5CE /* twentyAdminTests */ = {
			isa = PBXNativeTarget;
			buildConfigurationList = 49E7C3971BE09135006AA5CE /* Build configuration list for PBXNativeTarget "twentyAdminTests" */;
			buildPhases = (
				49E7C37C1BE09134006AA5CE /* Sources */,
				49E7C37D1BE09134006AA5CE /* Frameworks */,
				49E7C37E1BE09134006AA5CE /* Resources */,
			);
			buildRules = (
			);
			dependencies = (
				49E7C3821BE09134006AA5CE /* PBXTargetDependency */,
			);
			name = twentyAdminTests;
			productName = twentyAdminTests;
			productReference = 49E7C3801BE09134006AA5CE /* twentyAdminTests.xctest */;
			productType = "com.apple.product-type.bundle.unit-test";
		};
		49E7C38A1BE09135006AA5CE /* twentyAdminUITests */ = {
			isa = PBXNativeTarget;
			buildConfigurationList = 49E7C39A1BE09135006AA5CE /* Build configuration list for PBXNativeTarget "twentyAdminUITests" */;
			buildPhases = (
				49E7C3871BE09135006AA5CE /* Sources */,
				49E7C3881BE09135006AA5CE /* Frameworks */,
				49E7C3891BE09135006AA5CE /* Resources */,
			);
			buildRules = (
			);
			dependencies = (
				49E7C38D1BE09135006AA5CE /* PBXTargetDependency */,
			);
			name = twentyAdminUITests;
			productName = twentyAdminUITests;
			productReference = 49E7C38B1BE09135006AA5CE /* twentyAdminUITests.xctest */;
			productType = "com.apple.product-type.bundle.ui-testing";
		};
/* End PBXNativeTarget section */

/* Begin PBXProject section */
		49E7C35F1BE09134006AA5CE /* Project object */ = {
			isa = PBXProject;
			attributes = {
				LastUpgradeCheck = 0700;
				ORGANIZATIONNAME = twentyapps;
				TargetAttributes = {
					49E7C3661BE09134006AA5CE = {
						CreatedOnToolsVersion = 7.0.1;
					};
					49E7C37F1BE09134006AA5CE = {
						CreatedOnToolsVersion = 7.0.1;
						TestTargetID = 49E7C3661BE09134006AA5CE;
					};
					49E7C38A1BE09135006AA5CE = {
						CreatedOnToolsVersion = 7.0.1;
						TestTargetID = 49E7C3661BE09134006AA5CE;
					};
				};
			};
			buildConfigurationList = 49E7C3621BE09134006AA5CE /* Build configuration list for PBXProject "twentyAdmin" */;
			compatibilityVersion = "Xcode 3.2";
			developmentRegion = English;
			hasScannedForEncodings = 0;
			knownRegions = (
				en,
				Base,
			);
			mainGroup = 49E7C35E1BE09134006AA5CE;
			productRefGroup = 49E7C3681BE09134006AA5CE /* Products */;
			projectDirPath = "";
			projectRoot = "";
			targets = (
				49E7C3661BE09134006AA5CE /* twentyAdmin */,
				49E7C37F1BE09134006AA5CE /* twentyAdminTests */,
				49E7C38A1BE09135006AA5CE /* twentyAdminUITests */,
			);
		};
/* End PBXProject section */

/* Begin PBXResourcesBuildPhase section */
		49E7C3651BE09134006AA5CE /* Resources */ = {
			isa = PBXResourcesBuildPhase;
			buildActionMask = 2147483647;
			files = (
				49E7C37A1BE09134006AA5CE /* LaunchScreen.storyboard in Resources */,
				49E7C3771BE09134006AA5CE /* Assets.xcassets in Resources */,
				49E7C3751BE09134006AA5CE /* Main.storyboard in Resources */,
			);
			runOnlyForDeploymentPostprocessing = 0;
		};
		49E7C37E1BE09134006AA5CE /* Resources */ = {
			isa = PBXResourcesBuildPhase;
			buildActionMask = 2147483647;
			files = (
			);
			runOnlyForDeploymentPostprocessing = 0;
		};
		49E7C3891BE09135006AA5CE /* Resources */ = {
			isa = PBXResourcesBuildPhase;
			buildActionMask = 2147483647;
			files = (
			);
			runOnlyForDeploymentPostprocessing = 0;
		};
/* End PBXResourcesBuildPhase section */

/* Begin PBXSourcesBuildPhase section */
		49E7C3631BE09134006AA5CE /* Sources */ = {
			isa = PBXSourcesBuildPhase;
			buildActionMask = 2147483647;
			files = (
				49E7C3721BE09134006AA5CE /* ViewController.m in Sources */,
				49E7C36F1BE09134006AA5CE /* AppDelegate.m in Sources */,
				49E7C36C1BE09134006AA5CE /* main.m in Sources */,
			);
			runOnlyForDeploymentPostprocessing = 0;
		};
		49E7C37C1BE09134006AA5CE /* Sources */ = {
			isa = PBXSourcesBuildPhase;
			buildActionMask = 2147483647;
			files = (
				49E7C3851BE09134006AA5CE /* twentyAdminTests.m in Sources */,
			);
			runOnlyForDeploymentPostprocessing = 0;
		};
		49E7C3871BE09135006AA5CE /* Sources */ = {
			isa = PBXSourcesBuildPhase;
			buildActionMask = 2147483647;
			files = (
				49E7C3901BE09135006AA5CE /* twentyAdminUITests.m in Sources */,
			);
			runOnlyForDeploymentPostprocessing = 0;
		};
/* End PBXSourcesBuildPhase section */

/* Begin PBXTargetDependency section */
		49E7C3821BE09134006AA5CE /* PBXTargetDependency */ = {
			isa = PBXTargetDependency;
			target = 49E7C3661BE09134006AA5CE /* twentyAdmin */;
			targetProxy = 49E7C3811BE09134006AA5CE /* PBXContainerItemProxy */;
		};
		49E7C38D1BE09135006AA5CE /* PBXTargetDependency */ = {
			isa = PBXTargetDependency;
			target = 49E7C3661BE09134006AA5CE /* twentyAdmin */;
			targetProxy = 49E7C38C1BE09135006AA5CE /* PBXContainerItemProxy */;
		};
/* End PBXTargetDependency section */

/* Begin PBXVariantGroup section */
		49E7C3731BE09134006AA5CE /* Main.storyboard */ = {
			isa = PBXVariantGroup;
			children = (
				49E7C3741BE09134006AA5CE /* Base */,
			);
			name = Main.storyboard;
			sourceTree = "<group>";
		};
		49E7C3781BE09134006AA5CE /* LaunchScreen.storyboard */ = {
			isa = PBXVariantGroup;
			children = (
				49E7C3791BE09134006AA5CE /* Base */,
			);
			name = LaunchScreen.storyboard;
			sourceTree = "<group>";
		};
/* End PBXVariantGroup section */

/* Begin XCBuildConfiguration section */
		49E7C3921BE09135006AA5CE /* Debug */ = {
			isa = XCBuildConfiguration;
			buildSettings = {
				ALWAYS_SEARCH_USER_PATHS = NO;
				CLANG_CXX_LANGUAGE_STANDARD = "gnu++0x";
				CLANG_CXX_LIBRARY = "libc++";
				CLANG_ENABLE_MODULES = YES;
				CLANG_ENABLE_OBJC_ARC = YES;
				CLANG_WARN_BOOL_CONVERSION = YES;
				CLANG_WARN_CONSTANT_CONVERSION = YES;
				CLANG_WARN_DIRECT_OBJC_ISA_USAGE = YES_ERROR;
				CLANG_WARN_EMPTY_BODY = YES;
				CLANG_WARN_ENUM_CONVERSION = YES;
				CLANG_WARN_INT_CONVERSION = YES;
				CLANG_WARN_OBJC_ROOT_CLASS = YES_ERROR;
				CLANG_WARN_UNREACHABLE_CODE = YES;
				CLANG_WARN__DUPLICATE_METHOD_MATCH = YES;
				"CODE_SIGN_IDENTITY[sdk=iphoneos*]" = "iPhone Developer";
				COPY_PHASE_STRIP = NO;
				DEBUG_INFORMATION_FORMAT = dwarf;
				ENABLE_STRICT_OBJC_MSGSEND = YES;
				ENABLE_TESTABILITY = YES;
				GCC_C_LANGUAGE_STANDARD = gnu99;
				GCC_DYNAMIC_NO_PIC = NO;
				GCC_NO_COMMON_BLOCKS = YES;
				GCC_OPTIMIZATION_LEVEL = 0;
				GCC_PREPROCESSOR_DEFINITIONS = (
					"DEBUG=1",
					"$(inherited)",
				);
				GCC_WARN_64_TO_32_BIT_CONVERSION = YES;
				GCC_WARN_ABOUT_RETURN_TYPE = YES_ERROR;
				GCC_WARN_UNDECLARED_SELECTOR = YES;
				GCC_WARN_UNINITIALIZED_AUTOS = YES_AGGRESSIVE;
				GCC_WARN_UNUSED_FUNCTION = YES;
				GCC_WARN_UNUSED_VARIABLE = YES;
				IPHONEOS_DEPLOYMENT_TARGET = 9.0;
				MTL_ENABLE_DEBUG_INFO = YES;
				ONLY_ACTIVE_ARCH = YES;
				SDKROOT = iphoneos;
				TARGETED_DEVICE_FAMILY = "1,2";
			};
			name = Debug;
		};
		49E7C3931BE09135006AA5CE /* Release */ = {
			isa = XCBuildConfiguration;
			buildSettings = {
				ALWAYS_SEARCH_USER_PATHS = NO;
				CLANG_CXX_LANGUAGE_STANDARD = "gnu++0x";
				CLANG_CXX_LIBRARY = "libc++";
				CLANG_ENABLE_MODULES = YES;
				CLANG_ENABLE_OBJC_ARC = YES;
				CLANG_WARN_BOOL_CONVERSION = YES;
				CLANG_WARN_CONSTANT_CONVERSION = YES;
				CLANG_WARN_DIRECT_OBJC_ISA_USAGE = YES_ERROR;
				CLANG_WARN_EMPTY_BODY = YES;
				CLANG_WARN_ENUM_CONVERSION = YES;
				CLANG_WARN_INT_CONVERSION = YES;
				CLANG_WARN_OBJC_ROOT_CLASS = YES_ERROR;
				CLANG_WARN_UNREACHABLE_CODE = YES;
				CLANG_WARN__DUPLICATE_METHOD_MATCH = YES;
				"CODE_SIGN_IDENTITY[sdk=iphoneos*]" = "iPhone Developer";
				COPY_PHASE_STRIP = NO;
				DEBUG_INFORMATION_FORMAT = "dwarf-with-dsym";
				ENABLE_NS_ASSERTIONS = NO;
				ENABLE_STRICT_OBJC_MSGSEND = YES;
				GCC_C_LANGUAGE_STANDARD = gnu99;
				GCC_NO_COMMON_BLOCKS = YES;
				GCC_WARN_64_TO_32_BIT_CONVERSION = YES;
				GCC_WARN_ABOUT_RETURN_TYPE = YES_ERROR;
				GCC_WARN_UNDECLARED_SELECTOR = YES;
				GCC_WARN_UNINITIALIZED_AUTOS = YES_AGGRESSIVE;
				GCC_WARN_UNUSED_FUNCTION = YES;
				GCC_WARN_UNUSED_VARIABLE = YES;
				IPHONEOS_DEPLOYMENT_TARGET = 9.0;
				MTL_ENABLE_DEBUG_INFO = NO;
				SDKROOT = iphoneos;
				TARGETED_DEVICE_FAMILY = "1,2";
				VALIDATE_PRODUCT = YES;
			};
			name = Release;
		};
		49E7C3951BE09135006AA5CE /* Debug */ = {
			isa = XCBuildConfiguration;
			buildSettings = {
				ASSETCATALOG_COMPILER_APPICON_NAME = AppIcon;
				INFOPLIST_FILE = twentyAdmin/Info.plist;
				LD_RUNPATH_SEARCH_PATHS = "$(inherited) @executable_path/Frameworks";
				PRODUCT_BUNDLE_IDENTIFIER = twentyapps.twentyAdmin;
				PRODUCT_NAME = "$(TARGET_NAME)";
			};
			name = Debug;
		};
		49E7C3961BE09135006AA5CE /* Release */ = {
			isa = XCBuildConfiguration;
			buildSettings = {
				ASSETCATALOG_COMPILER_APPICON_NAME = AppIcon;
				INFOPLIST_FILE = twentyAdmin/Info.plist;
				LD_RUNPATH_SEARCH_PATHS = "$(inherited) @executable_path/Frameworks";
				PRODUCT_BUNDLE_IDENTIFIER = twentyapps.twentyAdmin;
				PRODUCT_NAME = "$(TARGET_NAME)";
			};
			name = Release;
		};
		49E7C3981BE09135006AA5CE /* Debug */ = {
			isa = XCBuildConfiguration;
			buildSettings = {
				BUNDLE_LOADER = "$(TEST_HOST)";
				INFOPLIST_FILE = twentyAdminTests/Info.plist;
				LD_RUNPATH_SEARCH_PATHS = "$(inherited) @executable_path/Frameworks @loader_path/Frameworks";
				PRODUCT_BUNDLE_IDENTIFIER = twentyapps.twentyAdminTests;
				PRODUCT_NAME = "$(TARGET_NAME)";
				TEST_HOST = "$(BUILT_PRODUCTS_DIR)/twentyAdmin.app/twentyAdmin";
			};
			name = Debug;
		};
		49E7C3991BE09135006AA5CE /* Release */ = {
			isa = XCBuildConfiguration;
			buildSettings = {
				BUNDLE_LOADER = "$(TEST_HOST)";
				INFOPLIST_FILE = twentyAdminTests/Info.plist;
				LD_RUNPATH_SEARCH_PATHS = "$(inherited) @executable_path/Frameworks @loader_path/Frameworks";
				PRODUCT_BUNDLE_IDENTIFIER = twentyapps.twentyAdminTests;
				PRODUCT_NAME = "$(TARGET_NAME)";
				TEST_HOST = "$(BUILT_PRODUCTS_DIR)/twentyAdmin.app/twentyAdmin";
			};
			name = Release;
		};
		49E7C39B1BE09135006AA5CE /* Debug */ = {
			isa = XCBuildConfiguration;
			buildSettings = {
				INFOPLIST_FILE = twentyAdminUITests/Info.plist;
				LD_RUNPATH_SEARCH_PATHS = "$(inherited) @executable_path/Frameworks @loader_path/Frameworks";
				PRODUCT_BUNDLE_IDENTIFIER = twentyapps.twentyAdminUITests;
				PRODUCT_NAME = "$(TARGET_NAME)";
				TEST_TARGET_NAME = twentyAdmin;
				USES_XCTRUNNER = YES;
			};
			name = Debug;
		};
		49E7C39C1BE09135006AA5CE /* Release */ = {
			isa = XCBuildConfiguration;
			buildSettings = {
				INFOPLIST_FILE = twentyAdminUITests/Info.plist;
				LD_RUNPATH_SEARCH_PATHS = "$(inherited) @executable_path/Frameworks @loader_path/Frameworks";
				PRODUCT_BUNDLE_IDENTIFIER = twentyapps.twentyAdminUITests;
				PRODUCT_NAME = "$(TARGET_NAME)";
				TEST_TARGET_NAME = twentyAdmin;
				USES_XCTRUNNER = YES;
			};
			name = Release;
		};
/* End XCBuildConfiguration section */

/* Begin XCConfigurationList section */
		49E7C3621BE09134006AA5CE /* Build configuration list for PBXProject "twentyAdmin" */ = {
			isa = XCConfigurationList;
			buildConfigurations = (
				49E7C3921BE09135006AA5CE /* Debug */,
				49E7C3931BE09135006AA5CE /* Release */,
			);
			defaultConfigurationIsVisible = 0;
			defaultConfigurationName = Release;
		};
		49E7C3941BE09135006AA5CE /* Build configuration list for PBXNativeTarget "twentyAdmin" */ = {
			isa = XCConfigurationList;
			buildConfigurations = (
				49E7C3951BE09135006AA5CE /* Debug */,
				49E7C3961BE09135006AA5CE /* Release */,
			);
			defaultConfigurationIsVisible = 0;
		};
		49E7C3971BE09135006AA5CE /* Build configuration list for PBXNativeTarget "twentyAdminTests" */ = {
			isa = XCConfigurationList;
			buildConfigurations = (
				49E7C3981BE09135006AA5CE /* Debug */,
				49E7C3991BE09135006AA5CE /* Release */,
			);
			defaultConfigurationIsVisible = 0;
		};
		49E7C39A1BE09135006AA5CE /* Build configuration list for PBXNativeTarget "twentyAdminUITests" */ = {
			isa = XCConfigurationList;
			buildConfigurations = (
				49E7C39B1BE09135006AA5CE /* Debug */,
				49E7C39C1BE09135006AA5CE /* Release */,
			);
			defaultConfigurationIsVisible = 0;
		};
/* End XCConfigurationList section */
	};
	rootObject = 49E7C35F1BE09134006AA5CE /* Project object */;
}
